
Microsoft Visual Studio Solution File, Format Version 12.00
Project("{FAE04EC0-301F-11D3-BF4B-00C04F79EFBC}") = "garEngine", "garEngine\garEngine.csproj", "{6158E19D-0370-4E79-A8A1-21FCCAF4DB84}"
EndProject
Project("{FAE04EC0-301F-11D3-BF4B-00C04F79EFBC}") = "gESilk", "gESilk\gESilk.csproj", "{EBC8DCD5-515F-4D7B-8901-44D4DB354268}"
EndProject
Project("{FAE04EC0-301F-11D3-BF4B-00C04F79EFBC}") = "gModel", "gModel\gModel.csproj", "{679E5645-56E9-452B-9B5E-C5722AB0BA73}"
EndProject
Project("{FAE04EC0-301F-11D3-BF4B-00C04F79EFBC}") = "PVRTC", "PVRTC\PVRTC.csproj", "{997CE7F8-8A71-45CF-B2AE-EFF16BC4B1DB}"
EndProject
Global
	GlobalSection(SolutionConfigurationPlatforms) = preSolution
		Debug|Any CPU = Debug|Any CPU
		Release|Any CPU = Release|Any CPU
	EndGlobalSection
	GlobalSection(ProjectConfigurationPlatforms) = postSolution
		{6158E19D-0370-4E79-A8A1-21FCCAF4DB84}.Debug|Any CPU.ActiveCfg = Debug|Any CPU
		{6158E19D-0370-4E79-A8A1-21FCCAF4DB84}.Debug|Any CPU.Build.0 = Debug|Any CPU
		{6158E19D-0370-4E79-A8A1-21FCCAF4DB84}.Release|Any CPU.ActiveCfg = Release|Any CPU
		{6158E19D-0370-4E79-A8A1-21FCCAF4DB84}.Release|Any CPU.Build.0 = Release|Any CPU
		{EBC8DCD5-515F-4D7B-8901-44D4DB354268}.Debug|Any CPU.ActiveCfg = Debug|Any CPU
		{EBC8DCD5-515F-4D7B-8901-44D4DB354268}.Debug|Any CPU.Build.0 = Debug|Any CPU
		{EBC8DCD5-515F-4D7B-8901-44D4DB354268}.Release|Any CPU.ActiveCfg = Release|Any CPU
		{EBC8DCD5-515F-4D7B-8901-44D4DB354268}.Release|Any CPU.Build.0 = Release|Any CPU
		{679E5645-56E9-452B-9B5E-C5722AB0BA73}.Debug|Any CPU.ActiveCfg = Debug|Any CPU
		{679E5645-56E9-452B-9B5E-C5722AB0BA73}.Debug|Any CPU.Build.0 = Debug|Any CPU
		{679E5645-56E9-452B-9B5E-C5722AB0BA73}.Release|Any CPU.ActiveCfg = Release|Any CPU
		{679E5645-56E9-452B-9B5E-C5722AB0BA73}.Release|Any CPU.Build.0 = Release|Any CPU
		{997CE7F8-8A71-45CF-B2AE-EFF16BC4B1DB}.Debug|Any CPU.ActiveCfg = Debug|Any CPU
		{997CE7F8-8A71-45CF-B2AE-EFF16BC4B1DB}.Debug|Any CPU.Build.0 = Debug|Any CPU
		{997CE7F8-8A71-45CF-B2AE-EFF16BC4B1DB}.Release|Any CPU.ActiveCfg = Release|Any CPU
		{997CE7F8-8A71-45CF-B2AE-EFF16BC4B1DB}.Release|Any CPU.Build.0 = Release|Any CPU
	EndGlobalSection
EndGlobal
